{
  "requires": true,
  "lockfileVersion": 1,
  "dependencies": {
    "vue-select": {
      "version": "3.4.0",
      "resolved": "https://registry.npmjs.org/vue-select/-/vue-select-3.4.0.tgz",
      "integrity": "sha512-UHd0fiUjPgRmHIGhI6yUKtnJsHOdvzD00QUGUtD+FaxWWZRWF2AAb7KPZRj0j/egVfZQvey6M6woHn78GbTogA=="
    }
  }
}
